
Microsoft Visual Studio Solution File, Format Version 12.00
# Visual Studio Version 17
VisualStudioVersion = 17.5.33530.505
MinimumVisualStudioVersion = 10.0.40219.1
Project("{9A19103F-16F7-4668-BE54-9A1E7A4F7556}") = "BlackJack.UnitTests", "BlackJack.UnitTests.csproj", "{924FF722-8FD9-4DCE-B2F8-BAAE55225342}"
EndProject
Project("{FAE04EC0-301F-11D3-BF4B-00C04F79EFBC}") = "Blackjack.App", "..\Blackjack.App\Blackjack.App.csproj", "{FB189FA0-4782-49FA-A95A-65EE7B9DFEF6}"
EndProject
Global
	GlobalSection(SolutionConfigurationPlatforms) = preSolution
		Debug|Any CPU = Debug|Any CPU
		Release|Any CPU = Release|Any CPU
	EndGlobalSection
	GlobalSection(ProjectConfigurationPlatforms) = postSolution
		{924FF722-8FD9-4DCE-B2F8-BAAE55225342}.Debug|Any CPU.ActiveCfg = Debug|Any CPU
		{924FF722-8FD9-4DCE-B2F8-BAAE55225342}.Debug|Any CPU.Build.0 = Debug|Any CPU
		{924FF722-8FD9-4DCE-B2F8-BAAE55225342}.Release|Any CPU.ActiveCfg = Release|Any CPU
		{924FF722-8FD9-4DCE-B2F8-BAAE55225342}.Release|Any CPU.Build.0 = Release|Any CPU
		{FB189FA0-4782-49FA-A95A-65EE7B9DFEF6}.Debug|Any CPU.ActiveCfg = Debug|Any CPU
		{FB189FA0-4782-49FA-A95A-65EE7B9DFEF6}.Debug|Any CPU.Build.0 = Debug|Any CPU
		{FB189FA0-4782-49FA-A95A-65EE7B9DFEF6}.Release|Any CPU.ActiveCfg = Release|Any CPU
		{FB189FA0-4782-49FA-A95A-65EE7B9DFEF6}.Release|Any CPU.Build.0 = Release|Any CPU
	EndGlobalSection
	GlobalSection(SolutionProperties) = preSolution
		HideSolutionNode = FALSE
	EndGlobalSection
	GlobalSection(ExtensibilityGlobals) = postSolution
		SolutionGuid = {E0365BD9-171D-4976-A1A5-8148EB895057}
	EndGlobalSection
EndGlobal
